// !$*UTF8*$!
{
	archiveVersion = 1;
	classes = {
	};
	objectVersion = 55;
	objects = {

/* Begin PBXBuildFile section */
		B42DF4082724757C00B70EAC /* Funcs.swift in Sources */ = {isa = PBXBuildFile; fileRef = B42DF4072724757C00B70EAC /* Funcs.swift */; };
		B42DF4102724ADF900B70EAC /* NewtonRaphsonMethod.swift in Sources */ = {isa = PBXBuildFile; fileRef = B42DF40F2724ADF900B70EAC /* NewtonRaphsonMethod.swift */; };
		B42DF4132724B6BE00B70EAC /* NewtonRaphsonViewController.swift in Sources */ = {isa = PBXBuildFile; fileRef = B42DF4112724B6BE00B70EAC /* NewtonRaphsonViewController.swift */; };
		B42DF4142724B6BE00B70EAC /* NewtonRaphsonViewController.xib in Resources */ = {isa = PBXBuildFile; fileRef = B42DF4122724B6BE00B70EAC /* NewtonRaphsonViewController.xib */; };
		B4DCCDB02728EA1200EE9D28 /* MethodTypes.swift in Sources */ = {isa = PBXBuildFile; fileRef = B4DCCDAF2728EA1200EE9D28 /* MethodTypes.swift */; };
		B4DF1697271F260A00DD622D /* ResultsViewController.swift in Sources */ = {isa = PBXBuildFile; fileRef = B4DF1696271F260A00DD622D /* ResultsViewController.swift */; };
		B4DF1699271FBFDF00DD622D /* DataModel.swift in Sources */ = {isa = PBXBuildFile; fileRef = B4DF1698271FBFDF00DD622D /* DataModel.swift */; };
		B4F748FE270E328A00F135D7 /* AppDelegate.swift in Sources */ = {isa = PBXBuildFile; fileRef = B4F748FD270E328A00F135D7 /* AppDelegate.swift */; };
		B4F74900270E328A00F135D7 /* SceneDelegate.swift in Sources */ = {isa = PBXBuildFile; fileRef = B4F748FF270E328A00F135D7 /* SceneDelegate.swift */; };
		B4F74902270E328A00F135D7 /* ViewController.swift in Sources */ = {isa = PBXBuildFile; fileRef = B4F74901270E328A00F135D7 /* ViewController.swift */; };
		B4F74905270E328A00F135D7 /* Main.storyboard in Resources */ = {isa = PBXBuildFile; fileRef = B4F74903270E328A00F135D7 /* Main.storyboard */; };
		B4F74907270E328C00F135D7 /* Assets.xcassets in Resources */ = {isa = PBXBuildFile; fileRef = B4F74906270E328C00F135D7 /* Assets.xcassets */; };
		B4F7490A270E328C00F135D7 /* LaunchScreen.storyboard in Resources */ = {isa = PBXBuildFile; fileRef = B4F74908270E328C00F135D7 /* LaunchScreen.storyboard */; };
		B4FE4428272711B60014D6EF /* UIMethodViewController.swift in Sources */ = {isa = PBXBuildFile; fileRef = B4FE4427272711B60014D6EF /* UIMethodViewController.swift */; };
		B4FE442A272713160014D6EF /* UIMethodVIewControllerFactory.swift in Sources */ = {isa = PBXBuildFile; fileRef = B4FE4429272713160014D6EF /* UIMethodVIewControllerFactory.swift */; };
		B4FE442D272718E50014D6EF /* BiseccionViewController.swift in Sources */ = {isa = PBXBuildFile; fileRef = B4FE442B272718E50014D6EF /* BiseccionViewController.swift */; };
		B4FE442E272718E50014D6EF /* BiseccionViewController.xib in Resources */ = {isa = PBXBuildFile; fileRef = B4FE442C272718E50014D6EF /* BiseccionViewController.xib */; };
		B4FE4430272750FA0014D6EF /* Method.swift in Sources */ = {isa = PBXBuildFile; fileRef = B4FE442F272750FA0014D6EF /* Method.swift */; };
		B4FE44322727523A0014D6EF /* BiseccionMethod.swift in Sources */ = {isa = PBXBuildFile; fileRef = B4FE44312727523A0014D6EF /* BiseccionMethod.swift */; };
		B4FE44352727887F0014D6EF /* TrapecioCompuestoViewController.swift in Sources */ = {isa = PBXBuildFile; fileRef = B4FE44332727887F0014D6EF /* TrapecioCompuestoViewController.swift */; };
		B4FE44362727887F0014D6EF /* TrapecioCompuestoViewController.xib in Resources */ = {isa = PBXBuildFile; fileRef = B4FE44342727887F0014D6EF /* TrapecioCompuestoViewController.xib */; };
		B4FE4438272788A10014D6EF /* TrapecioCompuestoMethod.swift in Sources */ = {isa = PBXBuildFile; fileRef = B4FE4437272788A10014D6EF /* TrapecioCompuestoMethod.swift */; };
		BE5C0994D85EC6EA1F2BDB2B /* Pods_metodosNumericosIos.framework in Frameworks */ = {isa = PBXBuildFile; fileRef = 46865716B54496DE92A2B635 /* Pods_metodosNumericosIos.framework */; };
/* End PBXBuildFile section */

/* Begin PBXFileReference section */
		19B0A5507112725FFF0C741D /* Pods-metodosNumericosIos.debug.xcconfig */ = {isa = PBXFileReference; includeInIndex = 1; lastKnownFileType = text.xcconfig; name = "Pods-metodosNumericosIos.debug.xcconfig"; path = "Target Support Files/Pods-metodosNumericosIos/Pods-metodosNumericosIos.debug.xcconfig"; sourceTree = "<group>"; };
		46865716B54496DE92A2B635 /* Pods_metodosNumericosIos.framework */ = {isa = PBXFileReference; explicitFileType = wrapper.framework; includeInIndex = 0; path = Pods_metodosNumericosIos.framework; sourceTree = BUILT_PRODUCTS_DIR; };
		B30035B79BD12ABD48BA3891 /* Pods-metodosNumericosIos.release.xcconfig */ = {isa = PBXFileReference; includeInIndex = 1; lastKnownFileType = text.xcconfig; name = "Pods-metodosNumericosIos.release.xcconfig"; path = "Target Support Files/Pods-metodosNumericosIos/Pods-metodosNumericosIos.release.xcconfig"; sourceTree = "<group>"; };
		B42DF4072724757C00B70EAC /* Funcs.swift */ = {isa = PBXFileReference; lastKnownFileType = sourcecode.swift; path = Funcs.swift; sourceTree = "<group>"; };
		B42DF40F2724ADF900B70EAC /* NewtonRaphsonMethod.swift */ = {isa = PBXFileReference; fileEncoding = 4; lastKnownFileType = sourcecode.swift; path = NewtonRaphsonMethod.swift; sourceTree = "<group>"; };
		B42DF4112724B6BE00B70EAC /* NewtonRaphsonViewController.swift */ = {isa = PBXFileReference; lastKnownFileType = sourcecode.swift; path = NewtonRaphsonViewController.swift; sourceTree = "<group>"; };
		B42DF4122724B6BE00B70EAC /* NewtonRaphsonViewController.xib */ = {isa = PBXFileReference; lastKnownFileType = file.xib; path = NewtonRaphsonViewController.xib; sourceTree = "<group>"; };
		B4DCCDAF2728EA1200EE9D28 /* MethodTypes.swift */ = {isa = PBXFileReference; lastKnownFileType = sourcecode.swift; path = MethodTypes.swift; sourceTree = "<group>"; };
		B4DF1696271F260A00DD622D /* ResultsViewController.swift */ = {isa = PBXFileReference; lastKnownFileType = sourcecode.swift; path = ResultsViewController.swift; sourceTree = "<group>"; };
		B4DF1698271FBFDF00DD622D /* DataModel.swift */ = {isa = PBXFileReference; lastKnownFileType = sourcecode.swift; path = DataModel.swift; sourceTree = "<group>"; };
		B4F748FA270E328A00F135D7 /* metodosNumericosIos.app */ = {isa = PBXFileReference; explicitFileType = wrapper.application; includeInIndex = 0; path = metodosNumericosIos.app; sourceTree = BUILT_PRODUCTS_DIR; };
		B4F748FD270E328A00F135D7 /* AppDelegate.swift */ = {isa = PBXFileReference; lastKnownFileType = sourcecode.swift; path = AppDelegate.swift; sourceTree = "<group>"; };
		B4F748FF270E328A00F135D7 /* SceneDelegate.swift */ = {isa = PBXFileReference; lastKnownFileType = sourcecode.swift; path = SceneDelegate.swift; sourceTree = "<group>"; };
		B4F74901270E328A00F135D7 /* ViewController.swift */ = {isa = PBXFileReference; lastKnownFileType = sourcecode.swift; path = ViewController.swift; sourceTree = "<group>"; };
		B4F74904270E328A00F135D7 /* Base */ = {isa = PBXFileReference; lastKnownFileType = file.storyboard; name = Base; path = Base.lproj/Main.storyboard; sourceTree = "<group>"; };
		B4F74906270E328C00F135D7 /* Assets.xcassets */ = {isa = PBXFileReference; lastKnownFileType = folder.assetcatalog; path = Assets.xcassets; sourceTree = "<group>"; };
		B4F74909270E328C00F135D7 /* Base */ = {isa = PBXFileReference; lastKnownFileType = file.storyboard; name = Base; path = Base.lproj/LaunchScreen.storyboard; sourceTree = "<group>"; };
		B4F7490B270E328C00F135D7 /* Info.plist */ = {isa = PBXFileReference; lastKnownFileType = text.plist.xml; path = Info.plist; sourceTree = "<group>"; };
		B4FE4427272711B60014D6EF /* UIMethodViewController.swift */ = {isa = PBXFileReference; lastKnownFileType = sourcecode.swift; path = UIMethodViewController.swift; sourceTree = "<group>"; };
		B4FE4429272713160014D6EF /* UIMethodVIewControllerFactory.swift */ = {isa = PBXFileReference; lastKnownFileType = sourcecode.swift; path = UIMethodVIewControllerFactory.swift; sourceTree = "<group>"; };
		B4FE442B272718E50014D6EF /* BiseccionViewController.swift */ = {isa = PBXFileReference; lastKnownFileType = sourcecode.swift; path = BiseccionViewController.swift; sourceTree = "<group>"; };
		B4FE442C272718E50014D6EF /* BiseccionViewController.xib */ = {isa = PBXFileReference; lastKnownFileType = file.xib; path = BiseccionViewController.xib; sourceTree = "<group>"; };
		B4FE442F272750FA0014D6EF /* Method.swift */ = {isa = PBXFileReference; lastKnownFileType = sourcecode.swift; path = Method.swift; sourceTree = "<group>"; };
		B4FE44312727523A0014D6EF /* BiseccionMethod.swift */ = {isa = PBXFileReference; lastKnownFileType = sourcecode.swift; path = BiseccionMethod.swift; sourceTree = "<group>"; };
		B4FE44332727887F0014D6EF /* TrapecioCompuestoViewController.swift */ = {isa = PBXFileReference; lastKnownFileType = sourcecode.swift; path = TrapecioCompuestoViewController.swift; sourceTree = "<group>"; };
		B4FE44342727887F0014D6EF /* TrapecioCompuestoViewController.xib */ = {isa = PBXFileReference; lastKnownFileType = file.xib; path = TrapecioCompuestoViewController.xib; sourceTree = "<group>"; };
		B4FE4437272788A10014D6EF /* TrapecioCompuestoMethod.swift */ = {isa = PBXFileReference; lastKnownFileType = sourcecode.swift; path = TrapecioCompuestoMethod.swift; sourceTree = "<group>"; };
		B4FE443927278F310014D6EF /* pruebas.playground */ = {isa = PBXFileReference; lastKnownFileType = file.playground; path = pruebas.playground; sourceTree = "<group>"; xcLanguageSpecificationIdentifier = xcode.lang.swift; };
/* End PBXFileReference section */

/* Begin PBXFrameworksBuildPhase section */
		B4F748F7270E328A00F135D7 /* Frameworks */ = {
			isa = PBXFrameworksBuildPhase;
			buildActionMask = 2147483647;
			files = (
				BE5C0994D85EC6EA1F2BDB2B /* Pods_metodosNumericosIos.framework in Frameworks */,
			);
			runOnlyForDeploymentPostprocessing = 0;
		};
/* End PBXFrameworksBuildPhase section */

/* Begin PBXGroup section */
		4EFAAA4A63026F718E8ADC48 /* Pods */ = {
			isa = PBXGroup;
			children = (
				19B0A5507112725FFF0C741D /* Pods-metodosNumericosIos.debug.xcconfig */,
				B30035B79BD12ABD48BA3891 /* Pods-metodosNumericosIos.release.xcconfig */,
			);
			path = Pods;
			sourceTree = "<group>";
		};
		A13A0D96BFA0989DFE8D8B73 /* Frameworks */ = {
			isa = PBXGroup;
			children = (
				46865716B54496DE92A2B635 /* Pods_metodosNumericosIos.framework */,
			);
			name = Frameworks;
			sourceTree = "<group>";
		};
		B4DF169A271FBFEC00DD622D /* Models */ = {
			isa = PBXGroup;
			children = (
				B4DF1698271FBFDF00DD622D /* DataModel.swift */,
			);
			path = Models;
			sourceTree = "<group>";
		};
		B4F748F1270E328A00F135D7 = {
			isa = PBXGroup;
			children = (
				B4F748FC270E328A00F135D7 /* metodosNumericosIos */,
				B4F748FB270E328A00F135D7 /* Products */,
				4EFAAA4A63026F718E8ADC48 /* Pods */,
				A13A0D96BFA0989DFE8D8B73 /* Frameworks */,
			);
			sourceTree = "<group>";
		};
		B4F748FB270E328A00F135D7 /* Products */ = {
			isa = PBXGroup;
			children = (
				B4F748FA270E328A00F135D7 /* metodosNumericosIos.app */,
			);
			name = Products;
			sourceTree = "<group>";
		};
		B4F748FC270E328A00F135D7 /* metodosNumericosIos */ = {
			isa = PBXGroup;
			children = (
				B4FE44252727113A0014D6EF /* MethodFactory */,
				B4FE44242726FF1A0014D6EF /* Metodos */,
				B4DF169A271FBFEC00DD622D /* Models */,
				B4F748FD270E328A00F135D7 /* AppDelegate.swift */,
				B4DCCDAF2728EA1200EE9D28 /* MethodTypes.swift */,
				B4F748FF270E328A00F135D7 /* SceneDelegate.swift */,
				B4F74901270E328A00F135D7 /* ViewController.swift */,
				B4F74903270E328A00F135D7 /* Main.storyboard */,
				B4F74906270E328C00F135D7 /* Assets.xcassets */,
				B4F74908270E328C00F135D7 /* LaunchScreen.storyboard */,
				B4F7490B270E328C00F135D7 /* Info.plist */,
				B4DF1696271F260A00DD622D /* ResultsViewController.swift */,
				B42DF4072724757C00B70EAC /* Funcs.swift */,
				B4FE443927278F310014D6EF /* pruebas.playground */,
			);
			path = metodosNumericosIos;
			sourceTree = "<group>";
		};
		B4FE44242726FF1A0014D6EF /* Metodos */ = {
			isa = PBXGroup;
			children = (
				B42DF4112724B6BE00B70EAC /* NewtonRaphsonViewController.swift */,
				B42DF4122724B6BE00B70EAC /* NewtonRaphsonViewController.xib */,
				B42DF40F2724ADF900B70EAC /* NewtonRaphsonMethod.swift */,
				B4FE442B272718E50014D6EF /* BiseccionViewController.swift */,
				B4FE442C272718E50014D6EF /* BiseccionViewController.xib */,
				B4FE44312727523A0014D6EF /* BiseccionMethod.swift */,
				B4FE44332727887F0014D6EF /* TrapecioCompuestoViewController.swift */,
				B4FE44342727887F0014D6EF /* TrapecioCompuestoViewController.xib */,
				B4FE4437272788A10014D6EF /* TrapecioCompuestoMethod.swift */,
			);
			path = Metodos;
			sourceTree = "<group>";
		};
		B4FE44252727113A0014D6EF /* MethodFactory */ = {
			isa = PBXGroup;
			children = (
				B4FE4427272711B60014D6EF /* UIMethodViewController.swift */,
				B4FE4429272713160014D6EF /* UIMethodVIewControllerFactory.swift */,
				B4FE442F272750FA0014D6EF /* Method.swift */,
			);
			path = MethodFactory;
			sourceTree = "<group>";
		};
/* End PBXGroup section */

/* Begin PBXNativeTarget section */
		B4F748F9270E328A00F135D7 /* metodosNumericosIos */ = {
			isa = PBXNativeTarget;
			buildConfigurationList = B4F7490E270E328C00F135D7 /* Build configuration list for PBXNativeTarget "metodosNumericosIos" */;
			buildPhases = (
				130FF5655F3677063AE5528D /* [CP] Check Pods Manifest.lock */,
				B4F748F6270E328A00F135D7 /* Sources */,
				B4F748F7270E328A00F135D7 /* Frameworks */,
				B4F748F8270E328A00F135D7 /* Resources */,
				CD6F3F53E68F6E4953BD6219 /* [CP] Embed Pods Frameworks */,
			);
			buildRules = (
			);
			dependencies = (
			);
			name = metodosNumericosIos;
			productName = metodosNumericosIos;
			productReference = B4F748FA270E328A00F135D7 /* metodosNumericosIos.app */;
			productType = "com.apple.product-type.application";
		};
/* End PBXNativeTarget section */

/* Begin PBXProject section */
		B4F748F2270E328A00F135D7 /* Project object */ = {
			isa = PBXProject;
			attributes = {
				BuildIndependentTargetsInParallel = 1;
				LastSwiftUpdateCheck = 1300;
				LastUpgradeCheck = 1300;
				TargetAttributes = {
					B4F748F9270E328A00F135D7 = {
						CreatedOnToolsVersion = 13.0;
					};
				};
			};
			buildConfigurationList = B4F748F5270E328A00F135D7 /* Build configuration list for PBXProject "metodosNumericosIos" */;
			compatibilityVersion = "Xcode 13.0";
			developmentRegion = en;
			hasScannedForEncodings = 0;
			knownRegions = (
				en,
				Base,
			);
			mainGroup = B4F748F1270E328A00F135D7;
			productRefGroup = B4F748FB270E328A00F135D7 /* Products */;
			projectDirPath = "";
			projectRoot = "";
			targets = (
				B4F748F9270E328A00F135D7 /* metodosNumericosIos */,
			);
		};
/* End PBXProject section */

/* Begin PBXResourcesBuildPhase section */
		B4F748F8270E328A00F135D7 /* Resources */ = {
			isa = PBXResourcesBuildPhase;
			buildActionMask = 2147483647;
			files = (
				B4F7490A270E328C00F135D7 /* LaunchScreen.storyboard in Resources */,
				B4FE44362727887F0014D6EF /* TrapecioCompuestoViewController.xib in Resources */,
				B42DF4142724B6BE00B70EAC /* NewtonRaphsonViewController.xib in Resources */,
				B4F74907270E328C00F135D7 /* Assets.xcassets in Resources */,
				B4F74905270E328A00F135D7 /* Main.storyboard in Resources */,
				B4FE442E272718E50014D6EF /* BiseccionViewController.xib in Resources */,
			);
			runOnlyForDeploymentPostprocessing = 0;
		};
/* End PBXResourcesBuildPhase section */

/* Begin PBXShellScriptBuildPhase section */
		130FF5655F3677063AE5528D /* [CP] Check Pods Manifest.lock */ = {
			isa = PBXShellScriptBuildPhase;
			buildActionMask = 2147483647;
			files = (
			);
			inputFileListPaths = (
			);
			inputPaths = (
				"${PODS_PODFILE_DIR_PATH}/Podfile.lock",
				"${PODS_ROOT}/Manifest.lock",
			);
			name = "[CP] Check Pods Manifest.lock";
			outputFileListPaths = (
			);
			outputPaths = (
				"$(DERIVED_FILE_DIR)/Pods-metodosNumericosIos-checkManifestLockResult.txt",
			);
			runOnlyForDeploymentPostprocessing = 0;
			shellPath = /bin/sh;
			shellScript = "diff \"${PODS_PODFILE_DIR_PATH}/Podfile.lock\" \"${PODS_ROOT}/Manifest.lock\" > /dev/null\nif [ $? != 0 ] ; then\n    # print error to STDERR\n    echo \"error: The sandbox is not in sync with the Podfile.lock. Run 'pod install' or update your CocoaPods installation.\" >&2\n    exit 1\nfi\n# This output is used by Xcode 'outputs' to avoid re-running this script phase.\necho \"SUCCESS\" > \"${SCRIPT_OUTPUT_FILE_0}\"\n";
			showEnvVarsInLog = 0;
		};
		CD6F3F53E68F6E4953BD6219 /* [CP] Embed Pods Frameworks */ = {
			isa = PBXShellScriptBuildPhase;
			buildActionMask = 2147483647;
			files = (
			);
			inputFileListPaths = (
				"${PODS_ROOT}/Target Support Files/Pods-metodosNumericosIos/Pods-metodosNumericosIos-frameworks-${CONFIGURATION}-input-files.xcfilelist",
			);
			name = "[CP] Embed Pods Frameworks";
			outputFileListPaths = (
				"${PODS_ROOT}/Target Support Files/Pods-metodosNumericosIos/Pods-metodosNumericosIos-frameworks-${CONFIGURATION}-output-files.xcfilelist",
			);
			runOnlyForDeploymentPostprocessing = 0;
			shellPath = /bin/sh;
			shellScript = "\"${PODS_ROOT}/Target Support Files/Pods-metodosNumericosIos/Pods-metodosNumericosIos-frameworks.sh\"\n";
			showEnvVarsInLog = 0;
		};
/* End PBXShellScriptBuildPhase section */

/* Begin PBXSourcesBuildPhase section */
		B4F748F6270E328A00F135D7 /* Sources */ = {
			isa = PBXSourcesBuildPhase;
			buildActionMask = 2147483647;
			files = (
				B4FE44322727523A0014D6EF /* BiseccionMethod.swift in Sources */,
				B4FE442D272718E50014D6EF /* BiseccionViewController.swift in Sources */,
				B4DCCDB02728EA1200EE9D28 /* MethodTypes.swift in Sources */,
				B4FE4428272711B60014D6EF /* UIMethodViewController.swift in Sources */,
				B4FE44352727887F0014D6EF /* TrapecioCompuestoViewController.swift in Sources */,
				B4F74902270E328A00F135D7 /* ViewController.swift in Sources */,
				B4DF1699271FBFDF00DD622D /* DataModel.swift in Sources */,
				B42DF4082724757C00B70EAC /* Funcs.swift in Sources */,
				B42DF4132724B6BE00B70EAC /* NewtonRaphsonViewController.swift in Sources */,
				B42DF4102724ADF900B70EAC /* NewtonRaphsonMethod.swift in Sources */,
				B4F748FE270E328A00F135D7 /* AppDelegate.swift in Sources */,
				B4FE4430272750FA0014D6EF /* Method.swift in Sources */,
				B4F74900270E328A00F135D7 /* SceneDelegate.swift in Sources */,
				B4FE4438272788A10014D6EF /* TrapecioCompuestoMethod.swift in Sources */,
				B4FE442A272713160014D6EF /* UIMethodVIewControllerFactory.swift in Sources */,
				B4DF1697271F260A00DD622D /* ResultsViewController.swift in Sources */,
			);
			runOnlyForDeploymentPostprocessing = 0;
		};
/* End PBXSourcesBuildPhase section */

/* Begin PBXVariantGroup section */
		B4F74903270E328A00F135D7 /* Main.storyboard */ = {
			isa = PBXVariantGroup;
			children = (
				B4F74904270E328A00F135D7 /* Base */,
			);
			name = Main.storyboard;
			sourceTree = "<group>";
		};
		B4F74908270E328C00F135D7 /* LaunchScreen.storyboard */ = {
			isa = PBXVariantGroup;
			children = (
				B4F74909270E328C00F135D7 /* Base */,
			);
			name = LaunchScreen.storyboard;
			sourceTree = "<group>";
		};
/* End PBXVariantGroup section */

/* Begin XCBuildConfiguration section */
		B4F7490C270E328C00F135D7 /* Debug */ = {
			isa = XCBuildConfiguration;
			buildSettings = {
				ALWAYS_SEARCH_USER_PATHS = NO;
				CLANG_ANALYZER_NONNULL = YES;
				CLANG_ANALYZER_NUMBER_OBJECT_CONVERSION = YES_AGGRESSIVE;
				CLANG_CXX_LANGUAGE_STANDARD = "gnu++17";
				CLANG_CXX_LIBRARY = "libc++";
				CLANG_ENABLE_MODULES = YES;
				CLANG_ENABLE_OBJC_ARC = YES;
				CLANG_ENABLE_OBJC_WEAK = YES;
				CLANG_WARN_BLOCK_CAPTURE_AUTORELEASING = YES;
				CLANG_WARN_BOOL_CONVERSION = YES;
				CLANG_WARN_COMMA = YES;
				CLANG_WARN_CONSTANT_CONVERSION = YES;
				CLANG_WARN_DEPRECATED_OBJC_IMPLEMENTATIONS = YES;
				CLANG_WARN_DIRECT_OBJC_ISA_USAGE = YES_ERROR;
				CLANG_WARN_DOCUMENTATION_COMMENTS = YES;
				CLANG_WARN_EMPTY_BODY = YES;
				CLANG_WARN_ENUM_CONVERSION = YES;
				CLANG_WARN_INFINITE_RECURSION = YES;
				CLANG_WARN_INT_CONVERSION = YES;
				CLANG_WARN_NON_LITERAL_NULL_CONVERSION = YES;
				CLANG_WARN_OBJC_IMPLICIT_RETAIN_SELF = YES;
				CLANG_WARN_OBJC_LITERAL_CONVERSION = YES;
				CLANG_WARN_OBJC_ROOT_CLASS = YES_ERROR;
				CLANG_WARN_QUOTED_INCLUDE_IN_FRAMEWORK_HEADER = YES;
				CLANG_WARN_RANGE_LOOP_ANALYSIS = YES;
				CLANG_WARN_STRICT_PROTOTYPES = YES;
				CLANG_WARN_SUSPICIOUS_MOVE = YES;
				CLANG_WARN_UNGUARDED_AVAILABILITY = YES_AGGRESSIVE;
				CLANG_WARN_UNREACHABLE_CODE = YES;
				CLANG_WARN__DUPLICATE_METHOD_MATCH = YES;
				COPY_PHASE_STRIP = NO;
				DEBUG_INFORMATION_FORMAT = dwarf;
				ENABLE_STRICT_OBJC_MSGSEND = YES;
				ENABLE_TESTABILITY = YES;
				GCC_C_LANGUAGE_STANDARD = gnu11;
				GCC_DYNAMIC_NO_PIC = NO;
				GCC_NO_COMMON_BLOCKS = YES;
				GCC_OPTIMIZATION_LEVEL = 0;
				GCC_PREPROCESSOR_DEFINITIONS = (
					"DEBUG=1",
					"$(inherited)",
				);
				GCC_WARN_64_TO_32_BIT_CONVERSION = YES;
				GCC_WARN_ABOUT_RETURN_TYPE = YES_ERROR;
				GCC_WARN_UNDECLARED_SELECTOR = YES;
				GCC_WARN_UNINITIALIZED_AUTOS = YES_AGGRESSIVE;
				GCC_WARN_UNUSED_FUNCTION = YES;
				GCC_WARN_UNUSED_VARIABLE = YES;
				IPHONEOS_DEPLOYMENT_TARGET = 15.0;
				MTL_ENABLE_DEBUG_INFO = INCLUDE_SOURCE;
				MTL_FAST_MATH = YES;
				ONLY_ACTIVE_ARCH = YES;
				SDKROOT = iphoneos;
				SWIFT_ACTIVE_COMPILATION_CONDITIONS = DEBUG;
				SWIFT_OPTIMIZATION_LEVEL = "-Onone";
			};
			name = Debug;
		};
		B4F7490D270E328C00F135D7 /* Release */ = {
			isa = XCBuildConfiguration;
			buildSettings = {
				ALWAYS_SEARCH_USER_PATHS = NO;
				CLANG_ANALYZER_NONNULL = YES;
				CLANG_ANALYZER_NUMBER_OBJECT_CONVERSION = YES_AGGRESSIVE;
				CLANG_CXX_LANGUAGE_STANDARD = "gnu++17";
				CLANG_CXX_LIBRARY = "libc++";
				CLANG_ENABLE_MODULES = YES;
				CLANG_ENABLE_OBJC_ARC = YES;
				CLANG_ENABLE_OBJC_WEAK = YES;
				CLANG_WARN_BLOCK_CAPTURE_AUTORELEASING = YES;
				CLANG_WARN_BOOL_CONVERSION = YES;
				CLANG_WARN_COMMA = YES;
				CLANG_WARN_CONSTANT_CONVERSION = YES;
				CLANG_WARN_DEPRECATED_OBJC_IMPLEMENTATIONS = YES;
				CLANG_WARN_DIRECT_OBJC_ISA_USAGE = YES_ERROR;
				CLANG_WARN_DOCUMENTATION_COMMENTS = YES;
				CLANG_WARN_EMPTY_BODY = YES;
				CLANG_WARN_ENUM_CONVERSION = YES;
				CLANG_WARN_INFINITE_RECURSION = YES;
				CLANG_WARN_INT_CONVERSION = YES;
				CLANG_WARN_NON_LITERAL_NULL_CONVERSION = YES;
				CLANG_WARN_OBJC_IMPLICIT_RETAIN_SELF = YES;
				CLANG_WARN_OBJC_LITERAL_CONVERSION = YES;
				CLANG_WARN_OBJC_ROOT_CLASS = YES_ERROR;
				CLANG_WARN_QUOTED_INCLUDE_IN_FRAMEWORK_HEADER = YES;
				CLANG_WARN_RANGE_LOOP_ANALYSIS = YES;
				CLANG_WARN_STRICT_PROTOTYPES = YES;
				CLANG_WARN_SUSPICIOUS_MOVE = YES;
				CLANG_WARN_UNGUARDED_AVAILABILITY = YES_AGGRESSIVE;
				CLANG_WARN_UNREACHABLE_CODE = YES;
				CLANG_WARN__DUPLICATE_METHOD_MATCH = YES;
				COPY_PHASE_STRIP = NO;
				DEBUG_INFORMATION_FORMAT = "dwarf-with-dsym";
				ENABLE_NS_ASSERTIONS = NO;
				ENABLE_STRICT_OBJC_MSGSEND = YES;
				GCC_C_LANGUAGE_STANDARD = gnu11;
				GCC_NO_COMMON_BLOCKS = YES;
				GCC_WARN_64_TO_32_BIT_CONVERSION = YES;
				GCC_WARN_ABOUT_RETURN_TYPE = YES_ERROR;
				GCC_WARN_UNDECLARED_SELECTOR = YES;
				GCC_WARN_UNINITIALIZED_AUTOS = YES_AGGRESSIVE;
				GCC_WARN_UNUSED_FUNCTION = YES;
				GCC_WARN_UNUSED_VARIABLE = YES;
				IPHONEOS_DEPLOYMENT_TARGET = 15.0;
				MTL_ENABLE_DEBUG_INFO = NO;
				MTL_FAST_MATH = YES;
				SDKROOT = iphoneos;
				SWIFT_COMPILATION_MODE = wholemodule;
				SWIFT_OPTIMIZATION_LEVEL = "-O";
				VALIDATE_PRODUCT = YES;
			};
			name = Release;
		};
		B4F7490F270E328C00F135D7 /* Debug */ = {
			isa = XCBuildConfiguration;
			baseConfigurationReference = 19B0A5507112725FFF0C741D /* Pods-metodosNumericosIos.debug.xcconfig */;
			buildSettings = {
				ASSETCATALOG_COMPILER_APPICON_NAME = AppIcon;
				ASSETCATALOG_COMPILER_GLOBAL_ACCENT_COLOR_NAME = AccentColor;
				CODE_SIGN_STYLE = Automatic;
				CURRENT_PROJECT_VERSION = 1;
				GENERATE_INFOPLIST_FILE = YES;
				INFOPLIST_FILE = metodosNumericosIos/Info.plist;
				INFOPLIST_KEY_UIApplicationSupportsIndirectInputEvents = YES;
				INFOPLIST_KEY_UILaunchStoryboardName = LaunchScreen;
				INFOPLIST_KEY_UIMainStoryboardFile = Main;
				INFOPLIST_KEY_UISupportedInterfaceOrientations_iPad = "UIInterfaceOrientationPortrait UIInterfaceOrientationPortraitUpsideDown UIInterfaceOrientationLandscapeLeft UIInterfaceOrientationLandscapeRight";
				INFOPLIST_KEY_UISupportedInterfaceOrientations_iPhone = "UIInterfaceOrientationPortrait UIInterfaceOrientationLandscapeLeft UIInterfaceOrientationLandscapeRight";
				LD_RUNPATH_SEARCH_PATHS = (
					"$(inherited)",
					"@executable_path/Frameworks",
				);
				MARKETING_VERSION = 1.0;
				PRODUCT_BUNDLE_IDENTIFIER = jhonatanChavez.metodosNumericosIos;
				PRODUCT_NAME = "$(TARGET_NAME)";
				SWIFT_EMIT_LOC_STRINGS = YES;
				SWIFT_VERSION = 5.0;
				TARGETED_DEVICE_FAMILY = "1,2";
			};
			name = Debug;
		};
		B4F74910270E328C00F135D7 /* Release */ = {
			isa = XCBuildConfiguration;
			baseConfigurationReference = B30035B79BD12ABD48BA3891 /* Pods-metodosNumericosIos.release.xcconfig */;
			buildSettings = {
				ASSETCATALOG_COMPILER_APPICON_NAME = AppIcon;
				ASSETCATALOG_COMPILER_GLOBAL_ACCENT_COLOR_NAME = AccentColor;
				CODE_SIGN_STYLE = Automatic;
				CURRENT_PROJECT_VERSION = 1;
				GENERATE_INFOPLIST_FILE = YES;
				INFOPLIST_FILE = metodosNumericosIos/Info.plist;
				INFOPLIST_KEY_UIApplicationSupportsIndirectInputEvents = YES;
				INFOPLIST_KEY_UILaunchStoryboardName = LaunchScreen;
				INFOPLIST_KEY_UIMainStoryboardFile = Main;
				INFOPLIST_KEY_UISupportedInterfaceOrientations_iPad = "UIInterfaceOrientationPortrait UIInterfaceOrientationPortraitUpsideDown UIInterfaceOrientationLandscapeLeft UIInterfaceOrientationLandscapeRight";
				INFOPLIST_KEY_UISupportedInterfaceOrientations_iPhone = "UIInterfaceOrientationPortrait UIInterfaceOrientationLandscapeLeft UIInterfaceOrientationLandscapeRight";
				LD_RUNPATH_SEARCH_PATHS = (
					"$(inherited)",
					"@executable_path/Frameworks",
				);
				MARKETING_VERSION = 1.0;
				PRODUCT_BUNDLE_IDENTIFIER = jhonatanChavez.metodosNumericosIos;
				PRODUCT_NAME = "$(TARGET_NAME)";
				SWIFT_EMIT_LOC_STRINGS = YES;
				SWIFT_VERSION = 5.0;
				TARGETED_DEVICE_FAMILY = "1,2";
			};
			name = Release;
		};
/* End XCBuildConfiguration section */

/* Begin XCConfigurationList section */
		B4F748F5270E328A00F135D7 /* Build configuration list for PBXProject "metodosNumericosIos" */ = {
			isa = XCConfigurationList;
			buildConfigurations = (
				B4F7490C270E328C00F135D7 /* Debug */,
				B4F7490D270E328C00F135D7 /* Release */,
			);
			defaultConfigurationIsVisible = 0;
			defaultConfigurationName = Release;
		};
		B4F7490E270E328C00F135D7 /* Build configuration list for PBXNativeTarget "metodosNumericosIos" */ = {
			isa = XCConfigurationList;
			buildConfigurations = (
				B4F7490F270E328C00F135D7 /* Debug */,
				B4F74910270E328C00F135D7 /* Release */,
			);
			defaultConfigurationIsVisible = 0;
			defaultConfigurationName = Release;
		};
/* End XCConfigurationList section */
	};
	rootObject = B4F748F2270E328A00F135D7 /* Project object */;
}
